
Microsoft Visual Studio Solution File, Format Version 12.00
# Visual Studio 15
VisualStudioVersion = 15.0.28307.1062
MinimumVisualStudioVersion = 10.0.40219.1
Project("{FAE04EC0-301F-11D3-BF4B-00C04F79EFBC}") = "PlansEditor", "PlansEditor\PlansEditor.csproj", "{3D0FD496-CDBD-434B-847C-CC6DB48AD1C7}"
EndProject
Project("{FAE04EC0-301F-11D3-BF4B-00C04F79EFBC}") = "Plans.Domain", "Plans.Domain\Plans.Domain.csproj", "{DC592893-33E9-4EFC-9F06-DF1182ABE261}"
EndProject
Project("{FAE04EC0-301F-11D3-BF4B-00C04F79EFBC}") = "Plans.DAL", "Plans.DAL\Plans.DAL.csproj", "{53592796-4012-45A1-99D9-C7F2CDD26BB8}"
EndProject
Global
	GlobalSection(SolutionConfigurationPlatforms) = preSolution
		Debug|Any CPU = Debug|Any CPU
		Release|Any CPU = Release|Any CPU
	EndGlobalSection
	GlobalSection(ProjectConfigurationPlatforms) = postSolution
		{3D0FD496-CDBD-434B-847C-CC6DB48AD1C7}.Debug|Any CPU.ActiveCfg = Debug|Any CPU
		{3D0FD496-CDBD-434B-847C-CC6DB48AD1C7}.Debug|Any CPU.Build.0 = Debug|Any CPU
		{3D0FD496-CDBD-434B-847C-CC6DB48AD1C7}.Release|Any CPU.ActiveCfg = Release|Any CPU
		{3D0FD496-CDBD-434B-847C-CC6DB48AD1C7}.Release|Any CPU.Build.0 = Release|Any CPU
		{DC592893-33E9-4EFC-9F06-DF1182ABE261}.Debug|Any CPU.ActiveCfg = Debug|Any CPU
		{DC592893-33E9-4EFC-9F06-DF1182ABE261}.Debug|Any CPU.Build.0 = Debug|Any CPU
		{DC592893-33E9-4EFC-9F06-DF1182ABE261}.Release|Any CPU.ActiveCfg = Release|Any CPU
		{DC592893-33E9-4EFC-9F06-DF1182ABE261}.Release|Any CPU.Build.0 = Release|Any CPU
		{53592796-4012-45A1-99D9-C7F2CDD26BB8}.Debug|Any CPU.ActiveCfg = Debug|Any CPU
		{53592796-4012-45A1-99D9-C7F2CDD26BB8}.Debug|Any CPU.Build.0 = Debug|Any CPU
		{53592796-4012-45A1-99D9-C7F2CDD26BB8}.Release|Any CPU.ActiveCfg = Release|Any CPU
		{53592796-4012-45A1-99D9-C7F2CDD26BB8}.Release|Any CPU.Build.0 = Release|Any CPU
	EndGlobalSection
	GlobalSection(SolutionProperties) = preSolution
		HideSolutionNode = FALSE
	EndGlobalSection
	GlobalSection(ExtensibilityGlobals) = postSolution
		SolutionGuid = {3701508C-DF4E-44EF-A15D-3928631262BB}
	EndGlobalSection
EndGlobal
